// !$*UTF8*$!
{
	archiveVersion = 1;
	classes = {
	};
	objectVersion = 46;
	objects = {

/* Begin PBXBuildFile section */
		342513521A9C6FAD000DA646 /* main.m in Sources */ = {isa = PBXBuildFile; fileRef = 342513511A9C6FAD000DA646 /* main.m */; };
		342513551A9C6FAD000DA646 /* AppDelegate.m in Sources */ = {isa = PBXBuildFile; fileRef = 342513541A9C6FAD000DA646 /* AppDelegate.m */; };
		342513581A9C6FAD000DA646 /* ViewController.m in Sources */ = {isa = PBXBuildFile; fileRef = 342513571A9C6FAD000DA646 /* ViewController.m */; };
		3425135D1A9C6FAD000DA646 /* Images.xcassets in Resources */ = {isa = PBXBuildFile; fileRef = 3425135C1A9C6FAD000DA646 /* Images.xcassets */; };
		342513601A9C6FAD000DA646 /* LaunchScreen.xib in Resources */ = {isa = PBXBuildFile; fileRef = 3425135E1A9C6FAD000DA646 /* LaunchScreen.xib */; };
		3425136C1A9C6FAD000DA646 /* IconCollectionTests.m in Sources */ = {isa = PBXBuildFile; fileRef = 3425136B1A9C6FAD000DA646 /* IconCollectionTests.m */; };
		FFA55ACE1A9D08AB00D4AF43 /* iconCollectionViewDataSource.m in Sources */ = {isa = PBXBuildFile; fileRef = FFA55ACD1A9D08AB00D4AF43 /* iconCollectionViewDataSource.m */; };
		FFA55AD21A9D0C2B00D4AF43 /* DetailViewController.m in Sources */ = {isa = PBXBuildFile; fileRef = FFA55AD01A9D0C2B00D4AF43 /* DetailViewController.m */; };
		FFA55AD31A9D0C2B00D4AF43 /* DetailViewController.xib in Resources */ = {isa = PBXBuildFile; fileRef = FFA55AD11A9D0C2B00D4AF43 /* DetailViewController.xib */; };
/* End PBXBuildFile section */

/* Begin PBXContainerItemProxy section */
		342513661A9C6FAD000DA646 /* PBXContainerItemProxy */ = {
			isa = PBXContainerItemProxy;
			containerPortal = 342513441A9C6FAD000DA646 /* Project object */;
			proxyType = 1;
			remoteGlobalIDString = 3425134B1A9C6FAD000DA646;
			remoteInfo = IconCollection;
		};
/* End PBXContainerItemProxy section */

/* Begin PBXFileReference section */
		3425134C1A9C6FAD000DA646 /* IconCollection.app */ = {isa = PBXFileReference; explicitFileType = wrapper.application; includeInIndex = 0; path = IconCollection.app; sourceTree = BUILT_PRODUCTS_DIR; };
		342513501A9C6FAD000DA646 /* Info.plist */ = {isa = PBXFileReference; lastKnownFileType = text.plist.xml; path = Info.plist; sourceTree = "<group>"; };
		342513511A9C6FAD000DA646 /* main.m */ = {isa = PBXFileReference; lastKnownFileType = sourcecode.c.objc; path = main.m; sourceTree = "<group>"; };
		342513531A9C6FAD000DA646 /* AppDelegate.h */ = {isa = PBXFileReference; lastKnownFileType = sourcecode.c.h; path = AppDelegate.h; sourceTree = "<group>"; };
		342513541A9C6FAD000DA646 /* AppDelegate.m */ = {isa = PBXFileReference; lastKnownFileType = sourcecode.c.objc; path = AppDelegate.m; sourceTree = "<group>"; };
		342513561A9C6FAD000DA646 /* ViewController.h */ = {isa = PBXFileReference; lastKnownFileType = sourcecode.c.h; path = ViewController.h; sourceTree = "<group>"; };
		342513571A9C6FAD000DA646 /* ViewController.m */ = {isa = PBXFileReference; lastKnownFileType = sourcecode.c.objc; path = ViewController.m; sourceTree = "<group>"; };
		3425135C1A9C6FAD000DA646 /* Images.xcassets */ = {isa = PBXFileReference; lastKnownFileType = folder.assetcatalog; path = Images.xcassets; sourceTree = "<group>"; };
		3425135F1A9C6FAD000DA646 /* Base */ = {isa = PBXFileReference; lastKnownFileType = file.xib; name = Base; path = Base.lproj/LaunchScreen.xib; sourceTree = "<group>"; };
		342513651A9C6FAD000DA646 /* IconCollectionTests.xctest */ = {isa = PBXFileReference; explicitFileType = wrapper.cfbundle; includeInIndex = 0; path = IconCollectionTests.xctest; sourceTree = BUILT_PRODUCTS_DIR; };
		3425136A1A9C6FAD000DA646 /* Info.plist */ = {isa = PBXFileReference; lastKnownFileType = text.plist.xml; path = Info.plist; sourceTree = "<group>"; };
		3425136B1A9C6FAD000DA646 /* IconCollectionTests.m */ = {isa = PBXFileReference; lastKnownFileType = sourcecode.c.objc; path = IconCollectionTests.m; sourceTree = "<group>"; };
		FFA55ACC1A9D08AB00D4AF43 /* iconCollectionViewDataSource.h */ = {isa = PBXFileReference; fileEncoding = 4; lastKnownFileType = sourcecode.c.h; path = iconCollectionViewDataSource.h; sourceTree = "<group>"; };
		FFA55ACD1A9D08AB00D4AF43 /* iconCollectionViewDataSource.m */ = {isa = PBXFileReference; fileEncoding = 4; lastKnownFileType = sourcecode.c.objc; path = iconCollectionViewDataSource.m; sourceTree = "<group>"; };
		FFA55ACF1A9D0C2B00D4AF43 /* DetailViewController.h */ = {isa = PBXFileReference; fileEncoding = 4; lastKnownFileType = sourcecode.c.h; path = DetailViewController.h; sourceTree = "<group>"; };
		FFA55AD01A9D0C2B00D4AF43 /* DetailViewController.m */ = {isa = PBXFileReference; fileEncoding = 4; lastKnownFileType = sourcecode.c.objc; path = DetailViewController.m; sourceTree = "<group>"; };
		FFA55AD11A9D0C2B00D4AF43 /* DetailViewController.xib */ = {isa = PBXFileReference; fileEncoding = 4; lastKnownFileType = file.xib; path = DetailViewController.xib; sourceTree = "<group>"; };
/* End PBXFileReference section */

/* Begin PBXFrameworksBuildPhase section */
		342513491A9C6FAD000DA646 /* Frameworks */ = {
			isa = PBXFrameworksBuildPhase;
			buildActionMask = 2147483647;
			files = (
			);
			runOnlyForDeploymentPostprocessing = 0;
		};
		342513621A9C6FAD000DA646 /* Frameworks */ = {
			isa = PBXFrameworksBuildPhase;
			buildActionMask = 2147483647;
			files = (
			);
			runOnlyForDeploymentPostprocessing = 0;
		};
/* End PBXFrameworksBuildPhase section */

/* Begin PBXGroup section */
		342513431A9C6FAD000DA646 = {
			isa = PBXGroup;
			children = (
				3425134E1A9C6FAD000DA646 /* IconCollection */,
				342513681A9C6FAD000DA646 /* IconCollectionTests */,
				3425134D1A9C6FAD000DA646 /* Products */,
			);
			sourceTree = "<group>";
		};
		3425134D1A9C6FAD000DA646 /* Products */ = {
			isa = PBXGroup;
			children = (
				3425134C1A9C6FAD000DA646 /* IconCollection.app */,
				342513651A9C6FAD000DA646 /* IconCollectionTests.xctest */,
			);
			name = Products;
			sourceTree = "<group>";
		};
		3425134E1A9C6FAD000DA646 /* IconCollection */ = {
			isa = PBXGroup;
			children = (
				342513531A9C6FAD000DA646 /* AppDelegate.h */,
				342513541A9C6FAD000DA646 /* AppDelegate.m */,
				342513561A9C6FAD000DA646 /* ViewController.h */,
				342513571A9C6FAD000DA646 /* ViewController.m */,
				FFA55ACC1A9D08AB00D4AF43 /* iconCollectionViewDataSource.h */,
				FFA55ACD1A9D08AB00D4AF43 /* iconCollectionViewDataSource.m */,
				FFA55ACF1A9D0C2B00D4AF43 /* DetailViewController.h */,
				FFA55AD01A9D0C2B00D4AF43 /* DetailViewController.m */,
				FFA55AD11A9D0C2B00D4AF43 /* DetailViewController.xib */,
				3425135C1A9C6FAD000DA646 /* Images.xcassets */,
				3425135E1A9C6FAD000DA646 /* LaunchScreen.xib */,
				3425134F1A9C6FAD000DA646 /* Supporting Files */,
			);
			path = IconCollection;
			sourceTree = "<group>";
		};
		3425134F1A9C6FAD000DA646 /* Supporting Files */ = {
			isa = PBXGroup;
			children = (
				342513501A9C6FAD000DA646 /* Info.plist */,
				342513511A9C6FAD000DA646 /* main.m */,
			);
			name = "Supporting Files";
			sourceTree = "<group>";
		};
		342513681A9C6FAD000DA646 /* IconCollectionTests */ = {
			isa = PBXGroup;
			children = (
				3425136B1A9C6FAD000DA646 /* IconCollectionTests.m */,
				342513691A9C6FAD000DA646 /* Supporting Files */,
			);
			path = IconCollectionTests;
			sourceTree = "<group>";
		};
		342513691A9C6FAD000DA646 /* Supporting Files */ = {
			isa = PBXGroup;
			children = (
				3425136A1A9C6FAD000DA646 /* Info.plist */,
			);
			name = "Supporting Files";
			sourceTree = "<group>";
		};
/* End PBXGroup section */

/* Begin PBXNativeTarget section */
		3425134B1A9C6FAD000DA646 /* IconCollection */ = {
			isa = PBXNativeTarget;
			buildConfigurationList = 3425136F1A9C6FAD000DA646 /* Build configuration list for PBXNativeTarget "IconCollection" */;
			buildPhases = (
				342513481A9C6FAD000DA646 /* Sources */,
				342513491A9C6FAD000DA646 /* Frameworks */,
				3425134A1A9C6FAD000DA646 /* Resources */,
			);
			buildRules = (
			);
			dependencies = (
			);
			name = IconCollection;
			productName = IconCollection;
			productReference = 3425134C1A9C6FAD000DA646 /* IconCollection.app */;
			productType = "com.apple.product-type.application";
		};
		342513641A9C6FAD000DA646 /* IconCollectionTests */ = {
			isa = PBXNativeTarget;
			buildConfigurationList = 342513721A9C6FAD000DA646 /* Build configuration list for PBXNativeTarget "IconCollectionTests" */;
			buildPhases = (
				342513611A9C6FAD000DA646 /* Sources */,
				342513621A9C6FAD000DA646 /* Frameworks */,
				342513631A9C6FAD000DA646 /* Resources */,
			);
			buildRules = (
			);
			dependencies = (
				342513671A9C6FAD000DA646 /* PBXTargetDependency */,
			);
			name = IconCollectionTests;
			productName = IconCollectionTests;
			productReference = 342513651A9C6FAD000DA646 /* IconCollectionTests.xctest */;
			productType = "com.apple.product-type.bundle.unit-test";
		};
/* End PBXNativeTarget section */

/* Begin PBXProject section */
		342513441A9C6FAD000DA646 /* Project object */ = {
			isa = PBXProject;
			attributes = {
				LastUpgradeCheck = 0610;
				ORGANIZATIONNAME = DevMountain;
				TargetAttributes = {
					3425134B1A9C6FAD000DA646 = {
						CreatedOnToolsVersion = 6.1.1;
					};
					342513641A9C6FAD000DA646 = {
						CreatedOnToolsVersion = 6.1.1;
						TestTargetID = 3425134B1A9C6FAD000DA646;
					};
				};
			};
			buildConfigurationList = 342513471A9C6FAD000DA646 /* Build configuration list for PBXProject "IconCollection" */;
			compatibilityVersion = "Xcode 3.2";
			developmentRegion = English;
			hasScannedForEncodings = 0;
			knownRegions = (
				en,
				Base,
			);
			mainGroup = 342513431A9C6FAD000DA646;
			productRefGroup = 3425134D1A9C6FAD000DA646 /* Products */;
			projectDirPath = "";
			projectRoot = "";
			targets = (
				3425134B1A9C6FAD000DA646 /* IconCollection */,
				342513641A9C6FAD000DA646 /* IconCollectionTests */,
			);
		};
/* End PBXProject section */

/* Begin PBXResourcesBuildPhase section */
		3425134A1A9C6FAD000DA646 /* Resources */ = {
			isa = PBXResourcesBuildPhase;
			buildActionMask = 2147483647;
			files = (
				342513601A9C6FAD000DA646 /* LaunchScreen.xib in Resources */,
				FFA55AD31A9D0C2B00D4AF43 /* DetailViewController.xib in Resources */,
				3425135D1A9C6FAD000DA646 /* Images.xcassets in Resources */,
			);
			runOnlyForDeploymentPostprocessing = 0;
		};
		342513631A9C6FAD000DA646 /* Resources */ = {
			isa = PBXResourcesBuildPhase;
			buildActionMask = 2147483647;
			files = (
			);
			runOnlyForDeploymentPostprocessing = 0;
		};
/* End PBXResourcesBuildPhase section */

/* Begin PBXSourcesBuildPhase section */
		342513481A9C6FAD000DA646 /* Sources */ = {
			isa = PBXSourcesBuildPhase;
			buildActionMask = 2147483647;
			files = (
				FFA55AD21A9D0C2B00D4AF43 /* DetailViewController.m in Sources */,
				FFA55ACE1A9D08AB00D4AF43 /* iconCollectionViewDataSource.m in Sources */,
				342513581A9C6FAD000DA646 /* ViewController.m in Sources */,
				342513551A9C6FAD000DA646 /* AppDelegate.m in Sources */,
				342513521A9C6FAD000DA646 /* main.m in Sources */,
			);
			runOnlyForDeploymentPostprocessing = 0;
		};
		342513611A9C6FAD000DA646 /* Sources */ = {
			isa = PBXSourcesBuildPhase;
			buildActionMask = 2147483647;
			files = (
				3425136C1A9C6FAD000DA646 /* IconCollectionTests.m in Sources */,
			);
			runOnlyForDeploymentPostprocessing = 0;
		};
/* End PBXSourcesBuildPhase section */

/* Begin PBXTargetDependency section */
		342513671A9C6FAD000DA646 /* PBXTargetDependency */ = {
			isa = PBXTargetDependency;
			target = 3425134B1A9C6FAD000DA646 /* IconCollection */;
			targetProxy = 342513661A9C6FAD000DA646 /* PBXContainerItemProxy */;
		};
/* End PBXTargetDependency section */

/* Begin PBXVariantGroup section */
		3425135E1A9C6FAD000DA646 /* LaunchScreen.xib */ = {
			isa = PBXVariantGroup;
			children = (
				3425135F1A9C6FAD000DA646 /* Base */,
			);
			name = LaunchScreen.xib;
			sourceTree = "<group>";
		};
/* End PBXVariantGroup section */

/* Begin XCBuildConfiguration section */
		3425136D1A9C6FAD000DA646 /* Debug */ = {
			isa = XCBuildConfiguration;
			buildSettings = {
				ALWAYS_SEARCH_USER_PATHS = NO;
				CLANG_CXX_LANGUAGE_STANDARD = "gnu++0x";
				CLANG_CXX_LIBRARY = "libc++";
				CLANG_ENABLE_MODULES = YES;
				CLANG_ENABLE_OBJC_ARC = YES;
				CLANG_WARN_BOOL_CONVERSION = YES;
				CLANG_WARN_CONSTANT_CONVERSION = YES;
				CLANG_WARN_DIRECT_OBJC_ISA_USAGE = YES_ERROR;
				CLANG_WARN_EMPTY_BODY = YES;
				CLANG_WARN_ENUM_CONVERSION = YES;
				CLANG_WARN_INT_CONVERSION = YES;
				CLANG_WARN_OBJC_ROOT_CLASS = YES_ERROR;
				CLANG_WARN_UNREACHABLE_CODE = YES;
				CLANG_WARN__DUPLICATE_METHOD_MATCH = YES;
				"CODE_SIGN_IDENTITY[sdk=iphoneos*]" = "iPhone Developer";
				COPY_PHASE_STRIP = NO;
				ENABLE_STRICT_OBJC_MSGSEND = YES;
				GCC_C_LANGUAGE_STANDARD = gnu99;
				GCC_DYNAMIC_NO_PIC = NO;
				GCC_OPTIMIZATION_LEVEL = 0;
				GCC_PREPROCESSOR_DEFINITIONS = (
					"DEBUG=1",
					"$(inherited)",
				);
				GCC_SYMBOLS_PRIVATE_EXTERN = NO;
				GCC_WARN_64_TO_32_BIT_CONVERSION = YES;
				GCC_WARN_ABOUT_RETURN_TYPE = YES_ERROR;
				GCC_WARN_UNDECLARED_SELECTOR = YES;
				GCC_WARN_UNINITIALIZED_AUTOS = YES_AGGRESSIVE;
				GCC_WARN_UNUSED_FUNCTION = YES;
				GCC_WARN_UNUSED_VARIABLE = YES;
				IPHONEOS_DEPLOYMENT_TARGET = 8.1;
				MTL_ENABLE_DEBUG_INFO = YES;
				ONLY_ACTIVE_ARCH = YES;
				SDKROOT = iphoneos;
			};
			name = Debug;
		};
		3425136E1A9C6FAD000DA646 /* Release */ = {
			isa = XCBuildConfiguration;
			buildSettings = {
				ALWAYS_SEARCH_USER_PATHS = NO;
				CLANG_CXX_LANGUAGE_STANDARD = "gnu++0x";
				CLANG_CXX_LIBRARY = "libc++";
				CLANG_ENABLE_MODULES = YES;
				CLANG_ENABLE_OBJC_ARC = YES;
				CLANG_WARN_BOOL_CONVERSION = YES;
				CLANG_WARN_CONSTANT_CONVERSION = YES;
				CLANG_WARN_DIRECT_OBJC_ISA_USAGE = YES_ERROR;
				CLANG_WARN_EMPTY_BODY = YES;
				CLANG_WARN_ENUM_CONVERSION = YES;
				CLANG_WARN_INT_CONVERSION = YES;
				CLANG_WARN_OBJC_ROOT_CLASS = YES_ERROR;
				CLANG_WARN_UNREACHABLE_CODE = YES;
				CLANG_WARN__DUPLICATE_METHOD_MATCH = YES;
				"CODE_SIGN_IDENTITY[sdk=iphoneos*]" = "iPhone Developer";
				COPY_PHASE_STRIP = YES;
				ENABLE_NS_ASSERTIONS = NO;
				ENABLE_STRICT_OBJC_MSGSEND = YES;
				GCC_C_LANGUAGE_STANDARD = gnu99;
				GCC_WARN_64_TO_32_BIT_CONVERSION = YES;
				GCC_WARN_ABOUT_RETURN_TYPE = YES_ERROR;
				GCC_WARN_UNDECLARED_SELECTOR = YES;
				GCC_WARN_UNINITIALIZED_AUTOS = YES_AGGRESSIVE;
				GCC_WARN_UNUSED_FUNCTION = YES;
				GCC_WARN_UNUSED_VARIABLE = YES;
				IPHONEOS_DEPLOYMENT_TARGET = 8.1;
				MTL_ENABLE_DEBUG_INFO = NO;
				SDKROOT = iphoneos;
				VALIDATE_PRODUCT = YES;
			};
			name = Release;
		};
		342513701A9C6FAD000DA646 /* Debug */ = {
			isa = XCBuildConfiguration;
			buildSettings = {
				ASSETCATALOG_COMPILER_APPICON_NAME = AppIcon;
				INFOPLIST_FILE = IconCollection/Info.plist;
				LD_RUNPATH_SEARCH_PATHS = "$(inherited) @executable_path/Frameworks";
				PRODUCT_NAME = "$(TARGET_NAME)";
			};
			name = Debug;
		};
		342513711A9C6FAD000DA646 /* Release */ = {
			isa = XCBuildConfiguration;
			buildSettings = {
				ASSETCATALOG_COMPILER_APPICON_NAME = AppIcon;
				INFOPLIST_FILE = IconCollection/Info.plist;
				LD_RUNPATH_SEARCH_PATHS = "$(inherited) @executable_path/Frameworks";
				PRODUCT_NAME = "$(TARGET_NAME)";
			};
			name = Release;
		};
		342513731A9C6FAD000DA646 /* Debug */ = {
			isa = XCBuildConfiguration;
			buildSettings = {
				BUNDLE_LOADER = "$(TEST_HOST)";
				FRAMEWORK_SEARCH_PATHS = (
					"$(SDKROOT)/Developer/Library/Frameworks",
					"$(inherited)",
				);
				GCC_PREPROCESSOR_DEFINITIONS = (
					"DEBUG=1",
					"$(inherited)",
				);
				INFOPLIST_FILE = IconCollectionTests/Info.plist;
				LD_RUNPATH_SEARCH_PATHS = "$(inherited) @executable_path/Frameworks @loader_path/Frameworks";
				PRODUCT_NAME = "$(TARGET_NAME)";
				TEST_HOST = "$(BUILT_PRODUCTS_DIR)/IconCollection.app/IconCollection";
			};
			name = Debug;
		};
		342513741A9C6FAD000DA646 /* Release */ = {
			isa = XCBuildConfiguration;
			buildSettings = {
				BUNDLE_LOADER = "$(TEST_HOST)";
				FRAMEWORK_SEARCH_PATHS = (
					"$(SDKROOT)/Developer/Library/Frameworks",
					"$(inherited)",
				);
				INFOPLIST_FILE = IconCollectionTests/Info.plist;
				LD_RUNPATH_SEARCH_PATHS = "$(inherited) @executable_path/Frameworks @loader_path/Frameworks";
				PRODUCT_NAME = "$(TARGET_NAME)";
				TEST_HOST = "$(BUILT_PRODUCTS_DIR)/IconCollection.app/IconCollection";
			};
			name = Release;
		};
/* End XCBuildConfiguration section */

/* Begin XCConfigurationList section */
		342513471A9C6FAD000DA646 /* Build configuration list for PBXProject "IconCollection" */ = {
			isa = XCConfigurationList;
			buildConfigurations = (
				3425136D1A9C6FAD000DA646 /* Debug */,
				3425136E1A9C6FAD000DA646 /* Release */,
			);
			defaultConfigurationIsVisible = 0;
			defaultConfigurationName = Release;
		};
		3425136F1A9C6FAD000DA646 /* Build configuration list for PBXNativeTarget "IconCollection" */ = {
			isa = XCConfigurationList;
			buildConfigurations = (
				342513701A9C6FAD000DA646 /* Debug */,
				342513711A9C6FAD000DA646 /* Release */,
			);
			defaultConfigurationIsVisible = 0;
			defaultConfigurationName = Release;
		};
		342513721A9C6FAD000DA646 /* Build configuration list for PBXNativeTarget "IconCollectionTests" */ = {
			isa = XCConfigurationList;
			buildConfigurations = (
				342513731A9C6FAD000DA646 /* Debug */,
				342513741A9C6FAD000DA646 /* Release */,
			);
			defaultConfigurationIsVisible = 0;
			defaultConfigurationName = Release;
		};
/* End XCConfigurationList section */
	};
	rootObject = 342513441A9C6FAD000DA646 /* Project object */;
}
